{
  "lockfileVersion": 1,
  "configVersion": 1,
  "workspaces": {
    "": {
      "name": "starshift",
      "dependencies": {
        "@types/pixi.js": "4.5.4",
      },
      "devDependencies": {
        "@types/nw.js": "^0.92.0",
        "cssnano": "^7.1.2",
        "esbuild": "^0.27.2",
        "esbuild-plugin-import-glob": "^0.1.1",
        "htmlnano": "^3.0.0",
        "postcss": "^8.5.6",
        "svgo": "^4.0.0",
      },
      "peerDependencies": {
        "typescript": "^5",
      },
    },
  },
  "packages": {
    "@babel/code-frame": ["@babel/code-frame@7.28.6", "", { "dependencies": { "@babel/helper-validator-identifier": "^7.28.5", "js-tokens": "^4.0.0", "picocolors": "^1.1.1" } }, "sha512-JYgintcMjRiCvS8mMECzaEn+m3PfoQiyqukOMCCVQtoJGYJw8j/8LBJEiqkHLkfwCcs74E3pbAUFNg7d9VNJ+Q=="],

    "@babel/helper-validator-identifier": ["@babel/helper-validator-identifier@7.28.5", "", {}, "sha512-qSs4ifwzKJSV39ucNjsvc6WVHs6b7S03sOh2OcHF9UHfVPqWWALUsNUVzhSBiItjRZoLHx7nIarVjqKVusUZ1Q=="],

    "@esbuild/aix-ppc64": ["@esbuild/aix-ppc64@0.27.2", "", { "os": "aix", "cpu": "ppc64" }, "sha512-GZMB+a0mOMZs4MpDbj8RJp4cw+w1WV5NYD6xzgvzUJ5Ek2jerwfO2eADyI6ExDSUED+1X8aMbegahsJi+8mgpw=="],

    "@esbuild/android-arm": ["@esbuild/android-arm@0.27.2", "", { "os": "android", "cpu": "arm" }, "sha512-DVNI8jlPa7Ujbr1yjU2PfUSRtAUZPG9I1RwW4F4xFB1Imiu2on0ADiI/c3td+KmDtVKNbi+nffGDQMfcIMkwIA=="],

    "@esbuild/android-arm64": ["@esbuild/android-arm64@0.27.2", "", { "os": "android", "cpu": "arm64" }, "sha512-pvz8ZZ7ot/RBphf8fv60ljmaoydPU12VuXHImtAs0XhLLw+EXBi2BLe3OYSBslR4rryHvweW5gmkKFwTiFy6KA=="],

    "@esbuild/android-x64": ["@esbuild/android-x64@0.27.2", "", { "os": "android", "cpu": "x64" }, "sha512-z8Ank4Byh4TJJOh4wpz8g2vDy75zFL0TlZlkUkEwYXuPSgX8yzep596n6mT7905kA9uHZsf/o2OJZubl2l3M7A=="],

    "@esbuild/darwin-arm64": ["@esbuild/darwin-arm64@0.27.2", "", { "os": "darwin", "cpu": "arm64" }, "sha512-davCD2Zc80nzDVRwXTcQP/28fiJbcOwvdolL0sOiOsbwBa72kegmVU0Wrh1MYrbuCL98Omp5dVhQFWRKR2ZAlg=="],

    "@esbuild/darwin-x64": ["@esbuild/darwin-x64@0.27.2", "", { "os": "darwin", "cpu": "x64" }, "sha512-ZxtijOmlQCBWGwbVmwOF/UCzuGIbUkqB1faQRf5akQmxRJ1ujusWsb3CVfk/9iZKr2L5SMU5wPBi1UWbvL+VQA=="],

    "@esbuild/freebsd-arm64": ["@esbuild/freebsd-arm64@0.27.2", "", { "os": "freebsd", "cpu": "arm64" }, "sha512-lS/9CN+rgqQ9czogxlMcBMGd+l8Q3Nj1MFQwBZJyoEKI50XGxwuzznYdwcav6lpOGv5BqaZXqvBSiB/kJ5op+g=="],

    "@esbuild/freebsd-x64": ["@esbuild/freebsd-x64@0.27.2", "", { "os": "freebsd", "cpu": "x64" }, "sha512-tAfqtNYb4YgPnJlEFu4c212HYjQWSO/w/h/lQaBK7RbwGIkBOuNKQI9tqWzx7Wtp7bTPaGC6MJvWI608P3wXYA=="],

    "@esbuild/linux-arm": ["@esbuild/linux-arm@0.27.2", "", { "os": "linux", "cpu": "arm" }, "sha512-vWfq4GaIMP9AIe4yj1ZUW18RDhx6EPQKjwe7n8BbIecFtCQG4CfHGaHuh7fdfq+y3LIA2vGS/o9ZBGVxIDi9hw=="],

    "@esbuild/linux-arm64": ["@esbuild/linux-arm64@0.27.2", "", { "os": "linux", "cpu": "arm64" }, "sha512-hYxN8pr66NsCCiRFkHUAsxylNOcAQaxSSkHMMjcpx0si13t1LHFphxJZUiGwojB1a/Hd5OiPIqDdXONia6bhTw=="],

    "@esbuild/linux-ia32": ["@esbuild/linux-ia32@0.27.2", "", { "os": "linux", "cpu": "ia32" }, "sha512-MJt5BRRSScPDwG2hLelYhAAKh9imjHK5+NE/tvnRLbIqUWa+0E9N4WNMjmp/kXXPHZGqPLxggwVhz7QP8CTR8w=="],

    "@esbuild/linux-loong64": ["@esbuild/linux-loong64@0.27.2", "", { "os": "linux", "cpu": "none" }, "sha512-lugyF1atnAT463aO6KPshVCJK5NgRnU4yb3FUumyVz+cGvZbontBgzeGFO1nF+dPueHD367a2ZXe1NtUkAjOtg=="],

    "@esbuild/linux-mips64el": ["@esbuild/linux-mips64el@0.27.2", "", { "os": "linux", "cpu": "none" }, "sha512-nlP2I6ArEBewvJ2gjrrkESEZkB5mIoaTswuqNFRv/WYd+ATtUpe9Y09RnJvgvdag7he0OWgEZWhviS1OTOKixw=="],

    "@esbuild/linux-ppc64": ["@esbuild/linux-ppc64@0.27.2", "", { "os": "linux", "cpu": "ppc64" }, "sha512-C92gnpey7tUQONqg1n6dKVbx3vphKtTHJaNG2Ok9lGwbZil6DrfyecMsp9CrmXGQJmZ7iiVXvvZH6Ml5hL6XdQ=="],

    "@esbuild/linux-riscv64": ["@esbuild/linux-riscv64@0.27.2", "", { "os": "linux", "cpu": "none" }, "sha512-B5BOmojNtUyN8AXlK0QJyvjEZkWwy/FKvakkTDCziX95AowLZKR6aCDhG7LeF7uMCXEJqwa8Bejz5LTPYm8AvA=="],

    "@esbuild/linux-s390x": ["@esbuild/linux-s390x@0.27.2", "", { "os": "linux", "cpu": "s390x" }, "sha512-p4bm9+wsPwup5Z8f4EpfN63qNagQ47Ua2znaqGH6bqLlmJ4bx97Y9JdqxgGZ6Y8xVTixUnEkoKSHcpRlDnNr5w=="],

    "@esbuild/linux-x64": ["@esbuild/linux-x64@0.27.2", "", { "os": "linux", "cpu": "x64" }, "sha512-uwp2Tip5aPmH+NRUwTcfLb+W32WXjpFejTIOWZFw/v7/KnpCDKG66u4DLcurQpiYTiYwQ9B7KOeMJvLCu/OvbA=="],

    "@esbuild/netbsd-arm64": ["@esbuild/netbsd-arm64@0.27.2", "", { "os": "none", "cpu": "arm64" }, "sha512-Kj6DiBlwXrPsCRDeRvGAUb/LNrBASrfqAIok+xB0LxK8CHqxZ037viF13ugfsIpePH93mX7xfJp97cyDuTZ3cw=="],

    "@esbuild/netbsd-x64": ["@esbuild/netbsd-x64@0.27.2", "", { "os": "none", "cpu": "x64" }, "sha512-HwGDZ0VLVBY3Y+Nw0JexZy9o/nUAWq9MlV7cahpaXKW6TOzfVno3y3/M8Ga8u8Yr7GldLOov27xiCnqRZf0tCA=="],

    "@esbuild/openbsd-arm64": ["@esbuild/openbsd-arm64@0.27.2", "", { "os": "openbsd", "cpu": "arm64" }, "sha512-DNIHH2BPQ5551A7oSHD0CKbwIA/Ox7+78/AWkbS5QoRzaqlev2uFayfSxq68EkonB+IKjiuxBFoV8ESJy8bOHA=="],

    "@esbuild/openbsd-x64": ["@esbuild/openbsd-x64@0.27.2", "", { "os": "openbsd", "cpu": "x64" }, "sha512-/it7w9Nb7+0KFIzjalNJVR5bOzA9Vay+yIPLVHfIQYG/j+j9VTH84aNB8ExGKPU4AzfaEvN9/V4HV+F+vo8OEg=="],

    "@esbuild/openharmony-arm64": ["@esbuild/openharmony-arm64@0.27.2", "", { "os": "none", "cpu": "arm64" }, "sha512-LRBbCmiU51IXfeXk59csuX/aSaToeG7w48nMwA6049Y4J4+VbWALAuXcs+qcD04rHDuSCSRKdmY63sruDS5qag=="],

    "@esbuild/sunos-x64": ["@esbuild/sunos-x64@0.27.2", "", { "os": "sunos", "cpu": "x64" }, "sha512-kMtx1yqJHTmqaqHPAzKCAkDaKsffmXkPHThSfRwZGyuqyIeBvf08KSsYXl+abf5HDAPMJIPnbBfXvP2ZC2TfHg=="],

    "@esbuild/win32-arm64": ["@esbuild/win32-arm64@0.27.2", "", { "os": "win32", "cpu": "arm64" }, "sha512-Yaf78O/B3Kkh+nKABUF++bvJv5Ijoy9AN1ww904rOXZFLWVc5OLOfL56W+C8F9xn5JQZa3UX6m+IktJnIb1Jjg=="],

    "@esbuild/win32-ia32": ["@esbuild/win32-ia32@0.27.2", "", { "os": "win32", "cpu": "ia32" }, "sha512-Iuws0kxo4yusk7sw70Xa2E2imZU5HoixzxfGCdxwBdhiDgt9vX9VUCBhqcwY7/uh//78A1hMkkROMJq9l27oLQ=="],

    "@esbuild/win32-x64": ["@esbuild/win32-x64@0.27.2", "", { "os": "win32", "cpu": "x64" }, "sha512-sRdU18mcKf7F+YgheI/zGf5alZatMUTKj/jNS6l744f9u3WFu4v7twcUI9vu4mknF4Y9aDlblIie0IM+5xxaqQ=="],

    "@nodelib/fs.scandir": ["@nodelib/fs.scandir@2.1.5", "", { "dependencies": { "@nodelib/fs.stat": "2.0.5", "run-parallel": "^1.1.9" } }, "sha512-vq24Bq3ym5HEQm2NKCr3yXDwjc7vTsEThRDnkp2DK9p1uqLR+DHurm/NOTo0KG7HYHU7eppKZj3MyqYuMBf62g=="],

    "@nodelib/fs.stat": ["@nodelib/fs.stat@2.0.5", "", {}, "sha512-RkhPPp2zrqDAQA/2jNhnztcPAlv64XdhIp7a7454A5ovI7Bukxgt7MX7udwAu3zg1DcpPU0rz3VV1SeaqvY4+A=="],

    "@nodelib/fs.walk": ["@nodelib/fs.walk@1.2.8", "", { "dependencies": { "@nodelib/fs.scandir": "2.1.5", "fastq": "^1.6.0" } }, "sha512-oGB+UxlgWcgQkgwo8GcEGwemoTFt3FIO9ababBmaGwXIoBKZ+GTy0pP185beGg7Llih/NSHSV2XAs1lnznocSg=="],

    "@types/node": ["@types/node@25.0.10", "", { "dependencies": { "undici-types": "~7.16.0" } }, "sha512-zWW5KPngR/yvakJgGOmZ5vTBemDoSqF3AcV/LrO5u5wTWyEAVVh+IT39G4gtyAkh3CtTZs8aX/yRM82OfzHJRg=="],

    "@types/nw.js": ["@types/nw.js@0.92.0", "", { "dependencies": { "@types/node": "*" } }, "sha512-Lmang5tGGogfjSXx0DTeM3VN48rAX8wF/F+1fGbBd/NaU6RgPBogmzgjqsmqufRqpsZQD5d9fGfCyyzMg43ZkQ=="],

    "@types/pixi.js": ["@types/pixi.js@4.5.4", "", {}, "sha512-nAlycugrFogExRZJOsqOaNpQule2l5occuxM2D9vOrBp0p+evTM0Ep3vrfKiTk4wqkBJ2uYGGXgpuxb29fr1KQ=="],

    "@types/relateurl": ["@types/relateurl@0.2.33", "", {}, "sha512-bTQCKsVbIdzLqZhLkF5fcJQreE4y1ro4DIyVrlDNSCJRRwHhB8Z+4zXXa8jN6eDvc2HbRsEYgbvrnGvi54EpSw=="],

    "argparse": ["argparse@2.0.1", "", {}, "sha512-8+9WqebbFzpX9OR+Wa6O29asIogeRMzcGtAINdpMHHyAg10f05aSFVBbcEqGf/PXw1EjAZ+q2/bEBg3DvurK3Q=="],

    "baseline-browser-mapping": ["baseline-browser-mapping@2.9.18", "", { "bin": { "baseline-browser-mapping": "dist/cli.js" } }, "sha512-e23vBV1ZLfjb9apvfPk4rHVu2ry6RIr2Wfs+O324okSidrX7pTAnEJPCh/O5BtRlr7QtZI7ktOP3vsqr7Z5XoA=="],

    "boolbase": ["boolbase@1.0.0", "", {}, "sha512-JZOSA7Mo9sNGB8+UjSgzdLtokWAky1zbztM3WRLCbZ70/3cTANmQmOdR7y2g+J0e2WXywy1yS468tY+IruqEww=="],

    "braces": ["braces@3.0.3", "", { "dependencies": { "fill-range": "^7.1.1" } }, "sha512-yQbXgO/OSZVD2IsiLlro+7Hf6Q18EJrKSEsdoMzKePKXct3gvD8oLcOQdIzGupr5Fj+EDe8gO/lxc1BzfMpxvA=="],

    "browserslist": ["browserslist@4.28.1", "", { "dependencies": { "baseline-browser-mapping": "^2.9.0", "caniuse-lite": "^1.0.30001759", "electron-to-chromium": "^1.5.263", "node-releases": "^2.0.27", "update-browserslist-db": "^1.2.0" }, "bin": { "browserslist": "cli.js" } }, "sha512-ZC5Bd0LgJXgwGqUknZY/vkUQ04r8NXnJZ3yYi4vDmSiZmC/pdSN0NbNRPxZpbtO4uAfDUAFffO8IZoM3Gj8IkA=="],

    "callsites": ["callsites@3.1.0", "", {}, "sha512-P8BjAsXvZS+VIDUI11hHCQEv74YT67YUi5JJFNWIqL235sBmjX4+qx9Muvls5ivyNENctx46xQLQ3aTuE7ssaQ=="],

    "caniuse-api": ["caniuse-api@3.0.0", "", { "dependencies": { "browserslist": "^4.0.0", "caniuse-lite": "^1.0.0", "lodash.memoize": "^4.1.2", "lodash.uniq": "^4.5.0" } }, "sha512-bsTwuIg/BZZK/vreVTYYbSWoe2F+71P7K5QGEX+pT250DZbfU1MQ5prOKpPR+LL6uWKK3KMwMCAS74QB3Um1uw=="],

    "caniuse-lite": ["caniuse-lite@1.0.30001766", "", {}, "sha512-4C0lfJ0/YPjJQHagaE9x2Elb69CIqEPZeG0anQt9SIvIoOH4a4uaRl73IavyO+0qZh6MDLH//DrXThEYKHkmYA=="],

    "colord": ["colord@2.9.3", "", {}, "sha512-jeC1axXpnb0/2nn/Y1LPuLdgXBLH7aDcHu4KEKfqw3CUhX7ZpfBSlPKyqXE6btIgEzfWtrX3/tyBCaCvXvMkOw=="],

    "commander": ["commander@14.0.2", "", {}, "sha512-TywoWNNRbhoD0BXs1P3ZEScW8W5iKrnbithIl0YH+uCmBd0QpPOA8yc82DS3BIE5Ma6FnBVUsJ7wVUDz4dvOWQ=="],

    "cosmiconfig": ["cosmiconfig@9.0.0", "", { "dependencies": { "env-paths": "^2.2.1", "import-fresh": "^3.3.0", "js-yaml": "^4.1.0", "parse-json": "^5.2.0" }, "peerDependencies": { "typescript": ">=4.9.5" }, "optionalPeers": ["typescript"] }, "sha512-itvL5h8RETACmOTFc4UfIyB2RfEHi71Ax6E/PivVxq9NseKbOWpeyHEOIbmAw1rs8Ak0VursQNww7lf7YtUwzg=="],

    "css-declaration-sorter": ["css-declaration-sorter@7.3.1", "", { "peerDependencies": { "postcss": "^8.0.9" } }, "sha512-gz6x+KkgNCjxq3Var03pRYLhyNfwhkKF1g/yoLgDNtFvVu0/fOLV9C8fFEZRjACp/XQLumjAYo7JVjzH3wLbxA=="],

    "css-select": ["css-select@5.2.2", "", { "dependencies": { "boolbase": "^1.0.0", "css-what": "^6.1.0", "domhandler": "^5.0.2", "domutils": "^3.0.1", "nth-check": "^2.0.1" } }, "sha512-TizTzUddG/xYLA3NXodFM0fSbNizXjOKhqiQQwvhlspadZokn1KDy0NZFS0wuEubIYAV5/c1/lAr0TaaFXEXzw=="],

    "css-tree": ["css-tree@3.1.0", "", { "dependencies": { "mdn-data": "2.12.2", "source-map-js": "^1.0.1" } }, "sha512-0eW44TGN5SQXU1mWSkKwFstI/22X2bG1nYzZTYMAWjylYURhse752YgbE4Cx46AC+bAvI+/dYTPRk1LqSUnu6w=="],

    "css-what": ["css-what@6.2.2", "", {}, "sha512-u/O3vwbptzhMs3L1fQE82ZSLHQQfto5gyZzwteVIEyeaY5Fc7R4dapF/BvRoSYFeqfBk4m0V1Vafq5Pjv25wvA=="],

    "cssesc": ["cssesc@3.0.0", "", { "bin": { "cssesc": "bin/cssesc" } }, "sha512-/Tb/JcjK111nNScGob5MNtsntNM1aCNUDipB/TkwZFhyDrrE47SOx/18wF2bbjgc3ZzCSKW1T5nt5EbFoAz/Vg=="],

    "cssnano": ["cssnano@7.1.2", "", { "dependencies": { "cssnano-preset-default": "^7.0.10", "lilconfig": "^3.1.3" }, "peerDependencies": { "postcss": "^8.4.32" } }, "sha512-HYOPBsNvoiFeR1eghKD5C3ASm64v9YVyJB4Ivnl2gqKoQYvjjN/G0rztvKQq8OxocUtC6sjqY8jwYngIB4AByA=="],

    "cssnano-preset-default": ["cssnano-preset-default@7.0.10", "", { "dependencies": { "browserslist": "^4.27.0", "css-declaration-sorter": "^7.2.0", "cssnano-utils": "^5.0.1", "postcss-calc": "^10.1.1", "postcss-colormin": "^7.0.5", "postcss-convert-values": "^7.0.8", "postcss-discard-comments": "^7.0.5", "postcss-discard-duplicates": "^7.0.2", "postcss-discard-empty": "^7.0.1", "postcss-discard-overridden": "^7.0.1", "postcss-merge-longhand": "^7.0.5", "postcss-merge-rules": "^7.0.7", "postcss-minify-font-values": "^7.0.1", "postcss-minify-gradients": "^7.0.1", "postcss-minify-params": "^7.0.5", "postcss-minify-selectors": "^7.0.5", "postcss-normalize-charset": "^7.0.1", "postcss-normalize-display-values": "^7.0.1", "postcss-normalize-positions": "^7.0.1", "postcss-normalize-repeat-style": "^7.0.1", "postcss-normalize-string": "^7.0.1", "postcss-normalize-timing-functions": "^7.0.1", "postcss-normalize-unicode": "^7.0.5", "postcss-normalize-url": "^7.0.1", "postcss-normalize-whitespace": "^7.0.1", "postcss-ordered-values": "^7.0.2", "postcss-reduce-initial": "^7.0.5", "postcss-reduce-transforms": "^7.0.1", "postcss-svgo": "^7.1.0", "postcss-unique-selectors": "^7.0.4" }, "peerDependencies": { "postcss": "^8.4.32" } }, "sha512-6ZBjW0Lf1K1Z+0OKUAUpEN62tSXmYChXWi2NAA0afxEVsj9a+MbcB1l5qel6BHJHmULai2fCGRthCeKSFbScpA=="],

    "cssnano-utils": ["cssnano-utils@5.0.1", "", { "peerDependencies": { "postcss": "^8.4.32" } }, "sha512-ZIP71eQgG9JwjVZsTPSqhc6GHgEr53uJ7tK5///VfyWj6Xp2DBmixWHqJgPno+PqATzn48pL42ww9x5SSGmhZg=="],

    "csso": ["csso@5.0.5", "", { "dependencies": { "css-tree": "~2.2.0" } }, "sha512-0LrrStPOdJj+SPCCrGhzryycLjwcgUSHBtxNA8aIDxf0GLsRh1cKYhB00Gd1lDOS4yGH69+SNn13+TWbVHETFQ=="],

    "dom-serializer": ["dom-serializer@2.0.0", "", { "dependencies": { "domelementtype": "^2.3.0", "domhandler": "^5.0.2", "entities": "^4.2.0" } }, "sha512-wIkAryiqt/nV5EQKqQpo3SToSOV9J0DnbJqwK7Wv/Trc92zIAYZ4FlMu+JPFW1DfGFt81ZTCGgDEabffXeLyJg=="],

    "domelementtype": ["domelementtype@2.3.0", "", {}, "sha512-OLETBj6w0OsagBwdXnPdN0cnMfF9opN69co+7ZrbfPGrdpPVNBUj02spi6B1N7wChLQiPn4CSH/zJvXw56gmHw=="],

    "domhandler": ["domhandler@5.0.3", "", { "dependencies": { "domelementtype": "^2.3.0" } }, "sha512-cgwlv/1iFQiFnU96XXgROh8xTeetsnJiDsTc7TYCLFd9+/WNkIqPTxiM/8pSd8VIrhXGTf1Ny1q1hquVqDJB5w=="],

    "domutils": ["domutils@3.2.2", "", { "dependencies": { "dom-serializer": "^2.0.0", "domelementtype": "^2.3.0", "domhandler": "^5.0.3" } }, "sha512-6kZKyUajlDuqlHKVX1w7gyslj9MPIXzIFiz/rGu35uC1wMi+kMhQwGhl4lt9unC9Vb9INnY9Z3/ZA3+FhASLaw=="],

    "electron-to-chromium": ["electron-to-chromium@1.5.279", "", {}, "sha512-0bblUU5UNdOt5G7XqGiJtpZMONma6WAfq9vsFmtn9x1+joAObr6x1chfqyxFSDCAFwFhCQDrqeAr6MYdpwJ9Hg=="],

    "entities": ["entities@3.0.1", "", {}, "sha512-WiyBqoomrwMdFG1e0kqvASYfnlb0lp8M5o5Fw2OFq1hNZxxcNk8Ik0Xm7LxzBhuidnZB/UtBqVCgUz3kBOP51Q=="],

    "env-paths": ["env-paths@2.2.1", "", {}, "sha512-+h1lkLKhZMTYjog1VEpJNG7NZJWcuc2DDk/qsqSTRRCOXiLjeQ1d1/udrUGhqMxUgAlwKNZ0cf2uqan5GLuS2A=="],

    "error-ex": ["error-ex@1.3.4", "", { "dependencies": { "is-arrayish": "^0.2.1" } }, "sha512-sqQamAnR14VgCr1A618A3sGrygcpK+HEbenA/HiEAkkUwcZIIB/tgWqHFxWgOyDh4nB4JCRimh79dR5Ywc9MDQ=="],

    "esbuild": ["esbuild@0.27.2", "", { "optionalDependencies": { "@esbuild/aix-ppc64": "0.27.2", "@esbuild/android-arm": "0.27.2", "@esbuild/android-arm64": "0.27.2", "@esbuild/android-x64": "0.27.2", "@esbuild/darwin-arm64": "0.27.2", "@esbuild/darwin-x64": "0.27.2", "@esbuild/freebsd-arm64": "0.27.2", "@esbuild/freebsd-x64": "0.27.2", "@esbuild/linux-arm": "0.27.2", "@esbuild/linux-arm64": "0.27.2", "@esbuild/linux-ia32": "0.27.2", "@esbuild/linux-loong64": "0.27.2", "@esbuild/linux-mips64el": "0.27.2", "@esbuild/linux-ppc64": "0.27.2", "@esbuild/linux-riscv64": "0.27.2", "@esbuild/linux-s390x": "0.27.2", "@esbuild/linux-x64": "0.27.2", "@esbuild/netbsd-arm64": "0.27.2", "@esbuild/netbsd-x64": "0.27.2", "@esbuild/openbsd-arm64": "0.27.2", "@esbuild/openbsd-x64": "0.27.2", "@esbuild/openharmony-arm64": "0.27.2", "@esbuild/sunos-x64": "0.27.2", "@esbuild/win32-arm64": "0.27.2", "@esbuild/win32-ia32": "0.27.2", "@esbuild/win32-x64": "0.27.2" }, "bin": { "esbuild": "bin/esbuild" } }, "sha512-HyNQImnsOC7X9PMNaCIeAm4ISCQXs5a5YasTXVliKv4uuBo1dKrG0A+uQS8M5eXjVMnLg3WgXaKvprHlFJQffw=="],

    "esbuild-plugin-import-glob": ["esbuild-plugin-import-glob@0.1.1", "", { "dependencies": { "fast-glob": "^3.2.5" } }, "sha512-yAFH+9AoIcsQkODSx0KUPRv1FeJUN6Tef8vkPQMcuVkc2vXYneYKsHhOiFS/yIsg5bQ70HHtAlXVA1uTjgoJXg=="],

    "escalade": ["escalade@3.2.0", "", {}, "sha512-WUj2qlxaQtO4g6Pq5c29GTcWGDyd8itL8zTlipgECz3JesAiiOKotd8JU6otB3PACgG6xkJUyVhboMS+bje/jA=="],

    "fast-glob": ["fast-glob@3.3.3", "", { "dependencies": { "@nodelib/fs.stat": "^2.0.2", "@nodelib/fs.walk": "^1.2.3", "glob-parent": "^5.1.2", "merge2": "^1.3.0", "micromatch": "^4.0.8" } }, "sha512-7MptL8U0cqcFdzIzwOTHoilX9x5BrNqye7Z/LuC7kCMRio1EMSyqRK3BEAUD7sXRq4iT4AzTVuZdhgQ2TCvYLg=="],

    "fastq": ["fastq@1.20.1", "", { "dependencies": { "reusify": "^1.0.4" } }, "sha512-GGToxJ/w1x32s/D2EKND7kTil4n8OVk/9mycTc4VDza13lOvpUZTGX3mFSCtV9ksdGBVzvsyAVLM6mHFThxXxw=="],

    "fill-range": ["fill-range@7.1.1", "", { "dependencies": { "to-regex-range": "^5.0.1" } }, "sha512-YsGpe3WHLK8ZYi4tWDg2Jy3ebRz2rXowDxnld4bkQB00cc/1Zw9AWnC0i9ztDJitivtQvaI9KaLyKrc+hBW0yg=="],

    "glob-parent": ["glob-parent@5.1.2", "", { "dependencies": { "is-glob": "^4.0.1" } }, "sha512-AOIgSQCepiJYwP3ARnGx+5VnTu2HBYdzbGP45eLw1vr3zB3vZLeyed1sC9hnbcOc9/SrMyM5RPQrkGz4aS9Zow=="],

    "htmlnano": ["htmlnano@3.0.0", "", { "dependencies": { "@types/relateurl": "^0.2.33", "commander": "^14.0.0", "cosmiconfig": "^9.0.0", "posthtml": "^0.16.5" }, "peerDependencies": { "cssnano": "^7.0.0", "postcss": "^8.3.11", "purgecss": "^7.0.2", "relateurl": "^0.2.7", "srcset": "5.0.1", "svgo": "^3.0.2", "terser": "^5.10.0", "uncss": "^0.17.3" }, "optionalPeers": ["cssnano", "postcss", "purgecss", "relateurl", "srcset", "svgo", "terser", "uncss"], "bin": { "htmlnano": "dist/bin.js" } }, "sha512-DCLN93CIG5r41Sv/rWk1u6XJ89oOtpHK2OzeXL8Aqa8719HWEPpggxRdDbceQQWrZTRIsh/5pF8Rrv1JKq0lpg=="],

    "htmlparser2": ["htmlparser2@7.2.0", "", { "dependencies": { "domelementtype": "^2.0.1", "domhandler": "^4.2.2", "domutils": "^2.8.0", "entities": "^3.0.1" } }, "sha512-H7MImA4MS6cw7nbyURtLPO1Tms7C5H602LRETv95z1MxO/7CP7rDVROehUYeYBUYEON94NXXDEPmZuq+hX4sog=="],

    "import-fresh": ["import-fresh@3.3.1", "", { "dependencies": { "parent-module": "^1.0.0", "resolve-from": "^4.0.0" } }, "sha512-TR3KfrTZTYLPB6jUjfx6MF9WcWrHL9su5TObK4ZkYgBdWKPOFoSoQIdEuTuR82pmtxH2spWG9h6etwfr1pLBqQ=="],

    "is-arrayish": ["is-arrayish@0.2.1", "", {}, "sha512-zz06S8t0ozoDXMG+ube26zeCTNXcKIPJZJi8hBrF4idCLms4CG9QtK7qBl1boi5ODzFpjswb5JPmHCbMpjaYzg=="],

    "is-extglob": ["is-extglob@2.1.1", "", {}, "sha512-SbKbANkN603Vi4jEZv49LeVJMn4yGwsbzZworEoyEiutsN3nJYdbO36zfhGJ6QEDpOZIFkDtnq5JRxmvl3jsoQ=="],

    "is-glob": ["is-glob@4.0.3", "", { "dependencies": { "is-extglob": "^2.1.1" } }, "sha512-xelSayHH36ZgE7ZWhli7pW34hNbNl8Ojv5KVmkJD4hBdD3th8Tfk9vYasLM+mXWOZhFkgZfxhLSnrwRr4elSSg=="],

    "is-json": ["is-json@2.0.1", "", {}, "sha512-6BEnpVn1rcf3ngfmViLM6vjUjGErbdrL4rwlv+u1NO1XO8kqT4YGL8+19Q+Z/bas8tY90BTWMk2+fW1g6hQjbA=="],

    "is-number": ["is-number@7.0.0", "", {}, "sha512-41Cifkg6e8TylSpdtTpeLVMqvSBEVzTttHvERD741+pnZ8ANv0004MRL43QKPDlK9cGvNp6NZWZUBlbGXYxxng=="],

    "js-tokens": ["js-tokens@4.0.0", "", {}, "sha512-RdJUflcE3cUzKiMqQgsCu06FPu9UdIJO0beYbPhHN4k6apgJtifcoCtT9bcxOpYBtpD2kCM6Sbzg4CausW/PKQ=="],

    "js-yaml": ["js-yaml@4.1.1", "", { "dependencies": { "argparse": "^2.0.1" }, "bin": { "js-yaml": "bin/js-yaml.js" } }, "sha512-qQKT4zQxXl8lLwBtHMWwaTcGfFOZviOJet3Oy/xmGk2gZH677CJM9EvtfdSkgWcATZhj/55JZ0rmy3myCT5lsA=="],

    "json-parse-even-better-errors": ["json-parse-even-better-errors@2.3.1", "", {}, "sha512-xyFwyhro/JEof6Ghe2iz2NcXoj2sloNsWr/XsERDK/oiPCfaNhl5ONfp+jQdAZRQQ0IJWNzH9zIZF7li91kh2w=="],

    "lilconfig": ["lilconfig@3.1.3", "", {}, "sha512-/vlFKAoH5Cgt3Ie+JLhRbwOsCQePABiU3tJ1egGvyQ+33R/vcwM2Zl2QR/LzjsBeItPt3oSVXapn+m4nQDvpzw=="],

    "lines-and-columns": ["lines-and-columns@1.2.4", "", {}, "sha512-7ylylesZQ/PV29jhEDl3Ufjo6ZX7gCqJr5F7PKrqc93v7fzSymt1BpwEU8nAUXs8qzzvqhbjhK5QZg6Mt/HkBg=="],

    "lodash.memoize": ["lodash.memoize@4.1.2", "", {}, "sha512-t7j+NzmgnQzTAYXcsHYLgimltOV1MXHtlOWf6GjL9Kj8GK5FInw5JotxvbOs+IvV1/Dzo04/fCGfLVs7aXb4Ag=="],

    "lodash.uniq": ["lodash.uniq@4.5.0", "", {}, "sha512-xfBaXQd9ryd9dlSDvnvI0lvxfLJlYAZzXomUYzLKtUeOQvOP5piqAWuGtrhWeqaXK9hhoM/iyJc5AV+XfsX3HQ=="],

    "mdn-data": ["mdn-data@2.12.2", "", {}, "sha512-IEn+pegP1aManZuckezWCO+XZQDplx1366JoVhTpMpBB1sPey/SbveZQUosKiKiGYjg1wH4pMlNgXbCiYgihQA=="],

    "merge2": ["merge2@1.4.1", "", {}, "sha512-8q7VEgMJW4J8tcfVPy8g09NcQwZdbwFEqhe/WZkoIzjn/3TGDwtOCYtXGxA3O8tPzpczCCDgv+P2P5y00ZJOOg=="],

    "micromatch": ["micromatch@4.0.8", "", { "dependencies": { "braces": "^3.0.3", "picomatch": "^2.3.1" } }, "sha512-PXwfBhYu0hBCPw8Dn0E+WDYb7af3dSLVWKi3HGv84IdF4TyFoC0ysxFd0Goxw7nSv4T/PzEJQxsYsEiFCKo2BA=="],

    "nanoid": ["nanoid@3.3.11", "", { "bin": { "nanoid": "bin/nanoid.cjs" } }, "sha512-N8SpfPUnUp1bK+PMYW8qSWdl9U+wwNWI4QKxOYDy9JAro3WMX7p2OeVRF9v+347pnakNevPmiHhNmZ2HbFA76w=="],

    "node-releases": ["node-releases@2.0.27", "", {}, "sha512-nmh3lCkYZ3grZvqcCH+fjmQ7X+H0OeZgP40OierEaAptX4XofMh5kwNbWh7lBduUzCcV/8kZ+NDLCwm2iorIlA=="],

    "nth-check": ["nth-check@2.1.1", "", { "dependencies": { "boolbase": "^1.0.0" } }, "sha512-lqjrjmaOoAnWfMmBPL+XNnynZh2+swxiX3WUE0s4yEHI6m+AwrK2UZOimIRl3X/4QctVqS8AiZjFqyOGrMXb/w=="],

    "parent-module": ["parent-module@1.0.1", "", { "dependencies": { "callsites": "^3.0.0" } }, "sha512-GQ2EWRpQV8/o+Aw8YqtfZZPfNRWZYkbidE9k5rpl/hC3vtHHBfGm2Ifi6qWV+coDGkrUKZAxE3Lot5kcsRlh+g=="],

    "parse-json": ["parse-json@5.2.0", "", { "dependencies": { "@babel/code-frame": "^7.0.0", "error-ex": "^1.3.1", "json-parse-even-better-errors": "^2.3.0", "lines-and-columns": "^1.1.6" } }, "sha512-ayCKvm/phCGxOkYRSCM82iDwct8/EonSEgCSxWxD7ve6jHggsFl4fZVQBPRNgQoKiuV/odhFrGzQXZwbifC8Rg=="],

    "picocolors": ["picocolors@1.1.1", "", {}, "sha512-xceH2snhtb5M9liqDsmEw56le376mTZkEX/jEb/RxNFyegNul7eNslCXP9FDj/Lcu0X8KEyMceP2ntpaHrDEVA=="],

    "picomatch": ["picomatch@2.3.1", "", {}, "sha512-JU3teHTNjmE2VCGFzuY8EXzCDVwEqB2a8fsIvwaStHhAWJEeVd1o1QD80CU6+ZdEXXSLbSsuLwJjkCBWqRQUVA=="],

    "postcss": ["postcss@8.5.6", "", { "dependencies": { "nanoid": "^3.3.11", "picocolors": "^1.1.1", "source-map-js": "^1.2.1" } }, "sha512-3Ybi1tAuwAP9s0r1UQ2J4n5Y0G05bJkpUIO0/bI9MhwmD70S5aTWbXGBwxHrelT+XM1k6dM0pk+SwNkpTRN7Pg=="],

    "postcss-calc": ["postcss-calc@10.1.1", "", { "dependencies": { "postcss-selector-parser": "^7.0.0", "postcss-value-parser": "^4.2.0" }, "peerDependencies": { "postcss": "^8.4.38" } }, "sha512-NYEsLHh8DgG/PRH2+G9BTuUdtf9ViS+vdoQ0YA5OQdGsfN4ztiwtDWNtBl9EKeqNMFnIu8IKZ0cLxEQ5r5KVMw=="],

    "postcss-colormin": ["postcss-colormin@7.0.5", "", { "dependencies": { "browserslist": "^4.27.0", "caniuse-api": "^3.0.0", "colord": "^2.9.3", "postcss-value-parser": "^4.2.0" }, "peerDependencies": { "postcss": "^8.4.32" } }, "sha512-ekIBP/nwzRWhEMmIxHHbXHcMdzd1HIUzBECaj5KEdLz9DVP2HzT065sEhvOx1dkLjYW7jyD0CngThx6bpFi2fA=="],

    "postcss-convert-values": ["postcss-convert-values@7.0.8", "", { "dependencies": { "browserslist": "^4.27.0", "postcss-value-parser": "^4.2.0" }, "peerDependencies": { "postcss": "^8.4.32" } }, "sha512-+XNKuPfkHTCEo499VzLMYn94TiL3r9YqRE3Ty+jP7UX4qjewUONey1t7CG21lrlTLN07GtGM8MqFVp86D4uKJg=="],

    "postcss-discard-comments": ["postcss-discard-comments@7.0.5", "", { "dependencies": { "postcss-selector-parser": "^7.1.0" }, "peerDependencies": { "postcss": "^8.4.32" } }, "sha512-IR2Eja8WfYgN5n32vEGSctVQ1+JARfu4UH8M7bgGh1bC+xI/obsPJXaBpQF7MAByvgwZinhpHpdrmXtvVVlKcQ=="],

    "postcss-discard-duplicates": ["postcss-discard-duplicates@7.0.2", "", { "peerDependencies": { "postcss": "^8.4.32" } }, "sha512-eTonaQvPZ/3i1ASDHOKkYwAybiM45zFIc7KXils4mQmHLqIswXD9XNOKEVxtTFnsmwYzF66u4LMgSr0abDlh5w=="],

    "postcss-discard-empty": ["postcss-discard-empty@7.0.1", "", { "peerDependencies": { "postcss": "^8.4.32" } }, "sha512-cFrJKZvcg/uxB6Ijr4l6qmn3pXQBna9zyrPC+sK0zjbkDUZew+6xDltSF7OeB7rAtzaaMVYSdbod+sZOCWnMOg=="],

    "postcss-discard-overridden": ["postcss-discard-overridden@7.0.1", "", { "peerDependencies": { "postcss": "^8.4.32" } }, "sha512-7c3MMjjSZ/qYrx3uc1940GSOzN1Iqjtlqe8uoSg+qdVPYyRb0TILSqqmtlSFuE4mTDECwsm397Ya7iXGzfF7lg=="],

    "postcss-merge-longhand": ["postcss-merge-longhand@7.0.5", "", { "dependencies": { "postcss-value-parser": "^4.2.0", "stylehacks": "^7.0.5" }, "peerDependencies": { "postcss": "^8.4.32" } }, "sha512-Kpu5v4Ys6QI59FxmxtNB/iHUVDn9Y9sYw66D6+SZoIk4QTz1prC4aYkhIESu+ieG1iylod1f8MILMs1Em3mmIw=="],

    "postcss-merge-rules": ["postcss-merge-rules@7.0.7", "", { "dependencies": { "browserslist": "^4.27.0", "caniuse-api": "^3.0.0", "cssnano-utils": "^5.0.1", "postcss-selector-parser": "^7.1.0" }, "peerDependencies": { "postcss": "^8.4.32" } }, "sha512-njWJrd/Ms6XViwowaaCc+/vqhPG3SmXn725AGrnl+BgTuRPEacjiLEaGq16J6XirMJbtKkTwnt67SS+e2WGoew=="],

    "postcss-minify-font-values": ["postcss-minify-font-values@7.0.1", "", { "dependencies": { "postcss-value-parser": "^4.2.0" }, "peerDependencies": { "postcss": "^8.4.32" } }, "sha512-2m1uiuJeTplll+tq4ENOQSzB8LRnSUChBv7oSyFLsJRtUgAAJGP6LLz0/8lkinTgxrmJSPOEhgY1bMXOQ4ZXhQ=="],

    "postcss-minify-gradients": ["postcss-minify-gradients@7.0.1", "", { "dependencies": { "colord": "^2.9.3", "cssnano-utils": "^5.0.1", "postcss-value-parser": "^4.2.0" }, "peerDependencies": { "postcss": "^8.4.32" } }, "sha512-X9JjaysZJwlqNkJbUDgOclyG3jZEpAMOfof6PUZjPnPrePnPG62pS17CjdM32uT1Uq1jFvNSff9l7kNbmMSL2A=="],

    "postcss-minify-params": ["postcss-minify-params@7.0.5", "", { "dependencies": { "browserslist": "^4.27.0", "cssnano-utils": "^5.0.1", "postcss-value-parser": "^4.2.0" }, "peerDependencies": { "postcss": "^8.4.32" } }, "sha512-FGK9ky02h6Ighn3UihsyeAH5XmLEE2MSGH5Tc4tXMFtEDx7B+zTG6hD/+/cT+fbF7PbYojsmmWjyTwFwW1JKQQ=="],

    "postcss-minify-selectors": ["postcss-minify-selectors@7.0.5", "", { "dependencies": { "cssesc": "^3.0.0", "postcss-selector-parser": "^7.1.0" }, "peerDependencies": { "postcss": "^8.4.32" } }, "sha512-x2/IvofHcdIrAm9Q+p06ZD1h6FPcQ32WtCRVodJLDR+WMn8EVHI1kvLxZuGKz/9EY5nAmI6lIQIrpo4tBy5+ug=="],

    "postcss-normalize-charset": ["postcss-normalize-charset@7.0.1", "", { "peerDependencies": { "postcss": "^8.4.32" } }, "sha512-sn413ofhSQHlZFae//m9FTOfkmiZ+YQXsbosqOWRiVQncU2BA3daX3n0VF3cG6rGLSFVc5Di/yns0dFfh8NFgQ=="],

    "postcss-normalize-display-values": ["postcss-normalize-display-values@7.0.1", "", { "dependencies": { "postcss-value-parser": "^4.2.0" }, "peerDependencies": { "postcss": "^8.4.32" } }, "sha512-E5nnB26XjSYz/mGITm6JgiDpAbVuAkzXwLzRZtts19jHDUBFxZ0BkXAehy0uimrOjYJbocby4FVswA/5noOxrQ=="],

    "postcss-normalize-positions": ["postcss-normalize-positions@7.0.1", "", { "dependencies": { "postcss-value-parser": "^4.2.0" }, "peerDependencies": { "postcss": "^8.4.32" } }, "sha512-pB/SzrIP2l50ZIYu+yQZyMNmnAcwyYb9R1fVWPRxm4zcUFCY2ign7rcntGFuMXDdd9L2pPNUgoODDk91PzRZuQ=="],

    "postcss-normalize-repeat-style": ["postcss-normalize-repeat-style@7.0.1", "", { "dependencies": { "postcss-value-parser": "^4.2.0" }, "peerDependencies": { "postcss": "^8.4.32" } }, "sha512-NsSQJ8zj8TIDiF0ig44Byo3Jk9e4gNt9x2VIlJudnQQ5DhWAHJPF4Tr1ITwyHio2BUi/I6Iv0HRO7beHYOloYQ=="],

    "postcss-normalize-string": ["postcss-normalize-string@7.0.1", "", { "dependencies": { "postcss-value-parser": "^4.2.0" }, "peerDependencies": { "postcss": "^8.4.32" } }, "sha512-QByrI7hAhsoze992kpbMlJSbZ8FuCEc1OT9EFbZ6HldXNpsdpZr+YXC5di3UEv0+jeZlHbZcoCADgb7a+lPmmQ=="],

    "postcss-normalize-timing-functions": ["postcss-normalize-timing-functions@7.0.1", "", { "dependencies": { "postcss-value-parser": "^4.2.0" }, "peerDependencies": { "postcss": "^8.4.32" } }, "sha512-bHifyuuSNdKKsnNJ0s8fmfLMlvsQwYVxIoUBnowIVl2ZAdrkYQNGVB4RxjfpvkMjipqvbz0u7feBZybkl/6NJg=="],

    "postcss-normalize-unicode": ["postcss-normalize-unicode@7.0.5", "", { "dependencies": { "browserslist": "^4.27.0", "postcss-value-parser": "^4.2.0" }, "peerDependencies": { "postcss": "^8.4.32" } }, "sha512-X6BBwiRxVaFHrb2WyBMddIeB5HBjJcAaUHyhLrM2FsxSq5TFqcHSsK7Zu1otag+o0ZphQGJewGH1tAyrD0zX1Q=="],

    "postcss-normalize-url": ["postcss-normalize-url@7.0.1", "", { "dependencies": { "postcss-value-parser": "^4.2.0" }, "peerDependencies": { "postcss": "^8.4.32" } }, "sha512-sUcD2cWtyK1AOL/82Fwy1aIVm/wwj5SdZkgZ3QiUzSzQQofrbq15jWJ3BA7Z+yVRwamCjJgZJN0I9IS7c6tgeQ=="],

    "postcss-normalize-whitespace": ["postcss-normalize-whitespace@7.0.1", "", { "dependencies": { "postcss-value-parser": "^4.2.0" }, "peerDependencies": { "postcss": "^8.4.32" } }, "sha512-vsbgFHMFQrJBJKrUFJNZ2pgBeBkC2IvvoHjz1to0/0Xk7sII24T0qFOiJzG6Fu3zJoq/0yI4rKWi7WhApW+EFA=="],

    "postcss-ordered-values": ["postcss-ordered-values@7.0.2", "", { "dependencies": { "cssnano-utils": "^5.0.1", "postcss-value-parser": "^4.2.0" }, "peerDependencies": { "postcss": "^8.4.32" } }, "sha512-AMJjt1ECBffF7CEON/Y0rekRLS6KsePU6PRP08UqYW4UGFRnTXNrByUzYK1h8AC7UWTZdQ9O3Oq9kFIhm0SFEw=="],

    "postcss-reduce-initial": ["postcss-reduce-initial@7.0.5", "", { "dependencies": { "browserslist": "^4.27.0", "caniuse-api": "^3.0.0" }, "peerDependencies": { "postcss": "^8.4.32" } }, "sha512-RHagHLidG8hTZcnr4FpyMB2jtgd/OcyAazjMhoy5qmWJOx1uxKh4ntk0Pb46ajKM0rkf32lRH4C8c9qQiPR6IA=="],

    "postcss-reduce-transforms": ["postcss-reduce-transforms@7.0.1", "", { "dependencies": { "postcss-value-parser": "^4.2.0" }, "peerDependencies": { "postcss": "^8.4.32" } }, "sha512-MhyEbfrm+Mlp/36hvZ9mT9DaO7dbncU0CvWI8V93LRkY6IYlu38OPg3FObnuKTUxJ4qA8HpurdQOo5CyqqO76g=="],

    "postcss-selector-parser": ["postcss-selector-parser@7.1.1", "", { "dependencies": { "cssesc": "^3.0.0", "util-deprecate": "^1.0.2" } }, "sha512-orRsuYpJVw8LdAwqqLykBj9ecS5/cRHlI5+nvTo8LcCKmzDmqVORXtOIYEEQuL9D4BxtA1lm5isAqzQZCoQ6Eg=="],

    "postcss-svgo": ["postcss-svgo@7.1.0", "", { "dependencies": { "postcss-value-parser": "^4.2.0", "svgo": "^4.0.0" }, "peerDependencies": { "postcss": "^8.4.32" } }, "sha512-KnAlfmhtoLz6IuU3Sij2ycusNs4jPW+QoFE5kuuUOK8awR6tMxZQrs5Ey3BUz7nFCzT3eqyFgqkyrHiaU2xx3w=="],

    "postcss-unique-selectors": ["postcss-unique-selectors@7.0.4", "", { "dependencies": { "postcss-selector-parser": "^7.1.0" }, "peerDependencies": { "postcss": "^8.4.32" } }, "sha512-pmlZjsmEAG7cHd7uK3ZiNSW6otSZ13RHuZ/4cDN/bVglS5EpF2r2oxY99SuOHa8m7AWoBCelTS3JPpzsIs8skQ=="],

    "postcss-value-parser": ["postcss-value-parser@4.2.0", "", {}, "sha512-1NNCs6uurfkVbeXG4S8JFT9t19m45ICnif8zWLd5oPSZ50QnwMfK+H3jv408d4jw/7Bttv5axS5IiHoLaVNHeQ=="],

    "posthtml": ["posthtml@0.16.7", "", { "dependencies": { "posthtml-parser": "^0.11.0", "posthtml-render": "^3.0.0" } }, "sha512-7Hc+IvlQ7hlaIfQFZnxlRl0jnpWq2qwibORBhQYIb0QbNtuicc5ZxvKkVT71HJ4Py1wSZ/3VR1r8LfkCtoCzhw=="],

    "posthtml-parser": ["posthtml-parser@0.11.0", "", { "dependencies": { "htmlparser2": "^7.1.1" } }, "sha512-QecJtfLekJbWVo/dMAA+OSwY79wpRmbqS5TeXvXSX+f0c6pW4/SE6inzZ2qkU7oAMCPqIDkZDvd/bQsSFUnKyw=="],

    "posthtml-render": ["posthtml-render@3.0.0", "", { "dependencies": { "is-json": "^2.0.1" } }, "sha512-z+16RoxK3fUPgwaIgH9NGnK1HKY9XIDpydky5eQGgAFVXTCSezalv9U2jQuNV+Z9qV1fDWNzldcw4eK0SSbqKA=="],

    "queue-microtask": ["queue-microtask@1.2.3", "", {}, "sha512-NuaNSa6flKT5JaSYQzJok04JzTL1CA6aGhv5rfLW3PgqA+M2ChpZQnAC8h8i4ZFkBS8X5RqkDBHA7r4hej3K9A=="],

    "resolve-from": ["resolve-from@4.0.0", "", {}, "sha512-pb/MYmXstAkysRFx8piNI1tGFNQIFA3vkE3Gq4EuA1dF6gHp/+vgZqsCGJapvy8N3Q+4o7FwvquPJcnZ7RYy4g=="],

    "reusify": ["reusify@1.1.0", "", {}, "sha512-g6QUff04oZpHs0eG5p83rFLhHeV00ug/Yf9nZM6fLeUrPguBTkTQOdpAWWspMh55TZfVQDPaN3NQJfbVRAxdIw=="],

    "run-parallel": ["run-parallel@1.2.0", "", { "dependencies": { "queue-microtask": "^1.2.2" } }, "sha512-5l4VyZR86LZ/lDxZTR6jqL8AFE2S0IFLMP26AbjsLVADxHdhB/c0GUsH+y39UfCi3dzz8OlQuPmnaJOMoDHQBA=="],

    "sax": ["sax@1.4.4", "", {}, "sha512-1n3r/tGXO6b6VXMdFT54SHzT9ytu9yr7TaELowdYpMqY/Ao7EnlQGmAQ1+RatX7Tkkdm6hONI2owqNx2aZj5Sw=="],

    "source-map-js": ["source-map-js@1.2.1", "", {}, "sha512-UXWMKhLOwVKb728IUtQPXxfYU+usdybtUrK/8uGE8CQMvrhOpwvzDBwj0QhSL7MQc7vIsISBG8VQ8+IDQxpfQA=="],

    "stylehacks": ["stylehacks@7.0.7", "", { "dependencies": { "browserslist": "^4.27.0", "postcss-selector-parser": "^7.1.0" }, "peerDependencies": { "postcss": "^8.4.32" } }, "sha512-bJkD0JkEtbRrMFtwgpJyBbFIwfDDONQ1Ov3sDLZQP8HuJ73kBOyx66H4bOcAbVWmnfLdvQ0AJwXxOMkpujcO6g=="],

    "svgo": ["svgo@4.0.0", "", { "dependencies": { "commander": "^11.1.0", "css-select": "^5.1.0", "css-tree": "^3.0.1", "css-what": "^6.1.0", "csso": "^5.0.5", "picocolors": "^1.1.1", "sax": "^1.4.1" }, "bin": "./bin/svgo.js" }, "sha512-VvrHQ+9uniE+Mvx3+C9IEe/lWasXCU0nXMY2kZeLrHNICuRiC8uMPyM14UEaMOFA5mhyQqEkB02VoQ16n3DLaw=="],

    "to-regex-range": ["to-regex-range@5.0.1", "", { "dependencies": { "is-number": "^7.0.0" } }, "sha512-65P7iz6X5yEr1cwcgvQxbbIw7Uk3gOy5dIdtZ4rDveLqhrdJP+Li/Hx6tyK0NEb+2GCyneCMJiGqrADCSNk8sQ=="],

    "typescript": ["typescript@5.9.3", "", { "bin": { "tsc": "bin/tsc", "tsserver": "bin/tsserver" } }, "sha512-jl1vZzPDinLr9eUt3J/t7V6FgNEw9QjvBPdysz9KfQDD41fQrC2Y4vKQdiaUpFT4bXlb1RHhLpp8wtm6M5TgSw=="],

    "undici-types": ["undici-types@7.16.0", "", {}, "sha512-Zz+aZWSj8LE6zoxD+xrjh4VfkIG8Ya6LvYkZqtUQGJPZjYl53ypCaUwWqo7eI0x66KBGeRo+mlBEkMSeSZ38Nw=="],

    "update-browserslist-db": ["update-browserslist-db@1.2.3", "", { "dependencies": { "escalade": "^3.2.0", "picocolors": "^1.1.1" }, "peerDependencies": { "browserslist": ">= 4.21.0" }, "bin": { "update-browserslist-db": "cli.js" } }, "sha512-Js0m9cx+qOgDxo0eMiFGEueWztz+d4+M3rGlmKPT+T4IS/jP4ylw3Nwpu6cpTTP8R1MAC1kF4VbdLt3ARf209w=="],

    "util-deprecate": ["util-deprecate@1.0.2", "", {}, "sha512-EPD5q1uXyFxJpCrLnCc1nHnq3gOa6DZBocAIiI2TaSCA7VCJ1UJDMagCzIkXNsUYfD1daK//LTEQ8xiIbrHtcw=="],

    "csso/css-tree": ["css-tree@2.2.1", "", { "dependencies": { "mdn-data": "2.0.28", "source-map-js": "^1.0.1" } }, "sha512-OA0mILzGc1kCOCSJerOeqDxDQ4HOh+G8NbOJFOTgOCzpw7fCBubk0fEyxp8AgOL/jvLgYA/uV0cMbe43ElF1JA=="],

    "dom-serializer/entities": ["entities@4.5.0", "", {}, "sha512-V0hjH4dGPh9Ao5p0MoRY6BVqtwCjhz6vI5LT8AJ55H+4g9/4vbHx1I54fS0XuclLhDHArPQCiMjDxjaL8fPxhw=="],

    "htmlparser2/domhandler": ["domhandler@4.3.1", "", { "dependencies": { "domelementtype": "^2.2.0" } }, "sha512-GrwoxYN+uWlzO8uhUXRl0P+kHE4GtVPfYzVLcUxPL7KNdHKj66vvlhiweIHqYYXWlw+T8iLMp42Lm67ghw4WMQ=="],

    "htmlparser2/domutils": ["domutils@2.8.0", "", { "dependencies": { "dom-serializer": "^1.0.1", "domelementtype": "^2.2.0", "domhandler": "^4.2.0" } }, "sha512-w96Cjofp72M5IIhpjgobBimYEfoPjx1Vx0BSX9P30WBdZW2WIKU0T1Bd0kz2eNZ9ikjKgHbEyKx8BB6H1L3h3A=="],

    "svgo/commander": ["commander@11.1.0", "", {}, "sha512-yPVavfyCcRhmorC7rWlkHn15b4wDVgVmBA7kV4QVBsF7kv/9TKJAbAXVTxvTnwP8HHKjRCJDClKbciiYS7p0DQ=="],

    "csso/css-tree/mdn-data": ["mdn-data@2.0.28", "", {}, "sha512-aylIc7Z9y4yzHYAJNuESG3hfhC+0Ibp/MAMiaOZgNv4pmEdFyfZhhhny4MNiAfWdBQ1RQ2mfDWmM1x8SvGyp8g=="],

    "htmlparser2/domutils/dom-serializer": ["dom-serializer@1.4.1", "", { "dependencies": { "domelementtype": "^2.0.1", "domhandler": "^4.2.0", "entities": "^2.0.0" } }, "sha512-VHwB3KfrcOOkelEG2ZOfxqLZdfkil8PtJi4P8N2MMXucZq2yLp75ClViUlOVwyoHEDjYU433Aq+5zWP61+RGag=="],

    "htmlparser2/domutils/dom-serializer/entities": ["entities@2.2.0", "", {}, "sha512-p92if5Nz619I0w+akJrLZH0MX0Pb5DX39XOwQTtXSdQQOaYH03S1uIQp4mhOZtAXrxq4ViO67YTiLBo2638o9A=="],
  }
}
